# THIS IS AN AUTOGENERATED FILE. DO NOT EDIT THIS FILE DIRECTLY.
# yarn lockfile v1


"@solidjs/router@^0.4.3":
  version "0.4.3"
  resolved "https://registry.yarnpkg.com/@solidjs/router/-/router-0.4.3.tgz#9996e423fd8aae27228f7ba98feb135c3af7e275"
  integrity sha512-mYpd4HxpH/3UZjHGTr2dhvPGXu034Ktxd05CJGA6nRjRGYCgUfhCQHRdEivyqJyb4LhHyDht4ny5xmwEOkUTaQ==
